
Microsoft Visual Studio Solution File, Format Version 9.00
# Visual Studio 2005
Project("{8BC9CEB8-8B4A-11D0-8D11-00A0C91BC942}") = "XboxLaunch", "XboxLaunch\XboxLaunch.vcproj", "{B1000001-0000-0000-0000-000000000001}"
	ProjectSection(ProjectDependencies) = postProject
		{B1000020-0000-0000-0000-000000000020} = {B1000020-0000-0000-0000-000000000020}
		{B1000010-0000-0000-0000-000000000010} = {B1000010-0000-0000-0000-000000000010}
		{B1000011-0000-0000-0000-000000000011} = {B1000011-0000-0000-0000-000000000011}
		{B1000012-0000-0000-0000-000000000012} = {B1000012-0000-0000-0000-000000000012}
		{B1000002-0000-0000-0000-000000000002} = {B1000002-0000-0000-0000-000000000002}
		{B1000003-0000-0000-0000-000000000003} = {B1000003-0000-0000-0000-000000000003}
	EndProjectSection
EndProject
Project("{8BC9CEB8-8B4A-11D0-8D11-00A0C91BC942}") = "XboxDrv", "XboxDrv\XboxDrv.vcproj", "{B1000002-0000-0000-0000-000000000002}"
EndProject
Project("{8BC9CEB8-8B4A-11D0-8D11-00A0C91BC942}") = "XboxRender", "XboxRender\XboxRender.vcproj", "{B1000003-0000-0000-0000-000000000003}"
EndProject
Project("{8BC9CEB8-8B4A-11D0-8D11-00A0C91BC942}") = "XboxAudio", "XboxAudio\XboxAudio.vcproj", "{B1000004-0000-0000-0000-000000000004}"
EndProject
Project("{8BC9CEB8-8B4A-11D0-8D11-00A0C91BC942}") = "XboxNet", "XboxNet\XboxNet.vcproj", "{B1000005-0000-0000-0000-000000000005}"
EndProject
Project("{8BC9CEB8-8B4A-11D0-8D11-00A0C91BC942}") = "UT99Core", "..\Core\UT99Core.vcproj", "{B1000010-0000-0000-0000-000000000010}"
EndProject
Project("{8BC9CEB8-8B4A-11D0-8D11-00A0C91BC942}") = "UT99Engine", "..\Engine\UT99Engine.vcproj", "{B1000011-0000-0000-0000-000000000011}"
	ProjectSection(ProjectDependencies) = postProject
		{B1000010-0000-0000-0000-000000000010} = {B1000010-0000-0000-0000-000000000010}
	EndProjectSection
EndProject
Project("{8BC9CEB8-8B4A-11D0-8D11-00A0C91BC942}") = "UT99Render", "..\Render\UT99Render.vcproj", "{B1000012-0000-0000-0000-000000000012}"
	ProjectSection(ProjectDependencies) = postProject
		{B1000010-0000-0000-0000-000000000010} = {B1000010-0000-0000-0000-000000000010}
		{B1000011-0000-0000-0000-000000000011} = {B1000011-0000-0000-0000-000000000011}
	EndProjectSection
EndProject
Project("{8BC9CEB8-8B4A-11D0-8D11-00A0C91BC942}") = "XboxStubs", "XboxStubs\XboxStubs.vcproj", "{B1000020-0000-0000-0000-000000000020}"
EndProject
Global
	GlobalSection(SolutionConfigurationPlatforms) = preSolution
		Debug|Win32 = Debug|Win32
		Release|Win32 = Release|Win32
	EndGlobalSection
	GlobalSection(ProjectConfigurationPlatforms) = postSolution
		{B1000001-0000-0000-0000-000000000001}.Debug|Win32.ActiveCfg = Debug|Win32
		{B1000001-0000-0000-0000-000000000001}.Debug|Win32.Build.0 = Debug|Win32
		{B1000001-0000-0000-0000-000000000001}.Release|Win32.ActiveCfg = Release|Win32
		{B1000001-0000-0000-0000-000000000001}.Release|Win32.Build.0 = Release|Win32
		{B1000002-0000-0000-0000-000000000002}.Debug|Win32.ActiveCfg = Debug|Win32
		{B1000002-0000-0000-0000-000000000002}.Debug|Win32.Build.0 = Debug|Win32
		{B1000002-0000-0000-0000-000000000002}.Release|Win32.ActiveCfg = Release|Win32
		{B1000002-0000-0000-0000-000000000002}.Release|Win32.Build.0 = Release|Win32
		{B1000003-0000-0000-0000-000000000003}.Debug|Win32.ActiveCfg = Debug|Win32
		{B1000003-0000-0000-0000-000000000003}.Debug|Win32.Build.0 = Debug|Win32
		{B1000003-0000-0000-0000-000000000003}.Release|Win32.ActiveCfg = Release|Win32
		{B1000003-0000-0000-0000-000000000003}.Release|Win32.Build.0 = Release|Win32
		{B1000004-0000-0000-0000-000000000004}.Debug|Win32.ActiveCfg = Debug|Win32
		{B1000004-0000-0000-0000-000000000004}.Debug|Win32.Build.0 = Debug|Win32
		{B1000004-0000-0000-0000-000000000004}.Release|Win32.ActiveCfg = Release|Win32
		{B1000004-0000-0000-0000-000000000004}.Release|Win32.Build.0 = Release|Win32
		{B1000005-0000-0000-0000-000000000005}.Debug|Win32.ActiveCfg = Debug|Win32
		{B1000005-0000-0000-0000-000000000005}.Debug|Win32.Build.0 = Debug|Win32
		{B1000005-0000-0000-0000-000000000005}.Release|Win32.ActiveCfg = Release|Win32
		{B1000005-0000-0000-0000-000000000005}.Release|Win32.Build.0 = Release|Win32
		{B1000010-0000-0000-0000-000000000010}.Debug|Win32.ActiveCfg = Debug|Win32
		{B1000010-0000-0000-0000-000000000010}.Debug|Win32.Build.0 = Debug|Win32
		{B1000010-0000-0000-0000-000000000010}.Release|Win32.ActiveCfg = Release|Win32
		{B1000010-0000-0000-0000-000000000010}.Release|Win32.Build.0 = Release|Win32
		{B1000011-0000-0000-0000-000000000011}.Debug|Win32.ActiveCfg = Debug|Win32
		{B1000011-0000-0000-0000-000000000011}.Debug|Win32.Build.0 = Debug|Win32
		{B1000011-0000-0000-0000-000000000011}.Release|Win32.ActiveCfg = Release|Win32
		{B1000011-0000-0000-0000-000000000011}.Release|Win32.Build.0 = Release|Win32
		{B1000012-0000-0000-0000-000000000012}.Debug|Win32.ActiveCfg = Debug|Win32
		{B1000012-0000-0000-0000-000000000012}.Debug|Win32.Build.0 = Debug|Win32
		{B1000012-0000-0000-0000-000000000012}.Release|Win32.ActiveCfg = Release|Win32
		{B1000012-0000-0000-0000-000000000012}.Release|Win32.Build.0 = Release|Win32
		{B1000020-0000-0000-0000-000000000020}.Debug|Win32.ActiveCfg = Debug|Win32
		{B1000020-0000-0000-0000-000000000020}.Debug|Win32.Build.0 = Debug|Win32
		{B1000020-0000-0000-0000-000000000020}.Release|Win32.ActiveCfg = Release|Win32
		{B1000020-0000-0000-0000-000000000020}.Release|Win32.Build.0 = Release|Win32
	EndGlobalSection
	GlobalSection(SolutionProperties) = preSolution
		HideSolutionNode = FALSE
	EndGlobalSection
EndGlobal
